
Microsoft Visual Studio Solution File, Format Version 12.00
# Visual Studio Version 17
VisualStudioVersion = 17.5.2.0
MinimumVisualStudioVersion = 10.0.40219.1
Project("{FAE04EC0-301F-11D3-BF4B-00C04F79EFBC}") = "Lab03-Путевской.Рамазанов", "Lab03-Путевской.Рамазанов.csproj", "{52B1B0C2-4CD8-AC6E-1CE1-1CC193D676DF}"
EndProject
Global
	GlobalSection(SolutionConfigurationPlatforms) = preSolution
		Debug|Any CPU = Debug|Any CPU
		Release|Any CPU = Release|Any CPU
	EndGlobalSection
	GlobalSection(ProjectConfigurationPlatforms) = postSolution
		{52B1B0C2-4CD8-AC6E-1CE1-1CC193D676DF}.Debug|Any CPU.ActiveCfg = Debug|Any CPU
		{52B1B0C2-4CD8-AC6E-1CE1-1CC193D676DF}.Debug|Any CPU.Build.0 = Debug|Any CPU
		{52B1B0C2-4CD8-AC6E-1CE1-1CC193D676DF}.Release|Any CPU.ActiveCfg = Release|Any CPU
		{52B1B0C2-4CD8-AC6E-1CE1-1CC193D676DF}.Release|Any CPU.Build.0 = Release|Any CPU
	EndGlobalSection
	GlobalSection(SolutionProperties) = preSolution
		HideSolutionNode = FALSE
	EndGlobalSection
	GlobalSection(ExtensibilityGlobals) = postSolution
		SolutionGuid = {E11CB55B-5F10-4C9F-B56B-82A0298D7CEB}
	EndGlobalSection
EndGlobal
